
Microsoft Visual Studio Solution File, Format Version 11.00
# Visual Studio 2010
Project("{FAE04EC0-301F-11D3-BF4B-00C04F79EFBC}") = "Assembly-CSharp", "Assembly-CSharp.csproj", "{6765FA64-43A4-BF28-AEBA-726A02101207}"
EndProject
Project("{FAE04EC0-301F-11D3-BF4B-00C04F79EFBC}") = "PathCreator", "PathCreator.csproj", "{77C20534-EF49-4D54-990A-BA2B140ABDA9}"
EndProject
Project("{FAE04EC0-301F-11D3-BF4B-00C04F79EFBC}") = "PathCreatorEditor", "PathCreatorEditor.csproj", "{BB4C1C47-0E29-BE87-293C-44CF14191A82}"
EndProject
Project("{FAE04EC0-301F-11D3-BF4B-00C04F79EFBC}") = "Assembly-CSharp-Editor", "Assembly-CSharp-Editor.csproj", "{839935FE-55C7-31C0-1664-FA3FF0B34EFD}"
EndProject
Global
	GlobalSection(SolutionConfigurationPlatforms) = preSolution
		Debug|Any CPU = Debug|Any CPU
		Release|Any CPU = Release|Any CPU
	EndGlobalSection
	GlobalSection(ProjectConfigurationPlatforms) = postSolution
		{6765FA64-43A4-BF28-AEBA-726A02101207}.Debug|Any CPU.ActiveCfg = Debug|Any CPU
		{6765FA64-43A4-BF28-AEBA-726A02101207}.Debug|Any CPU.Build.0 = Debug|Any CPU
		{6765FA64-43A4-BF28-AEBA-726A02101207}.Release|Any CPU.ActiveCfg = Release|Any CPU
		{6765FA64-43A4-BF28-AEBA-726A02101207}.Release|Any CPU.Build.0 = Release|Any CPU
		{77C20534-EF49-4D54-990A-BA2B140ABDA9}.Debug|Any CPU.ActiveCfg = Debug|Any CPU
		{77C20534-EF49-4D54-990A-BA2B140ABDA9}.Debug|Any CPU.Build.0 = Debug|Any CPU
		{77C20534-EF49-4D54-990A-BA2B140ABDA9}.Release|Any CPU.ActiveCfg = Release|Any CPU
		{77C20534-EF49-4D54-990A-BA2B140ABDA9}.Release|Any CPU.Build.0 = Release|Any CPU
		{BB4C1C47-0E29-BE87-293C-44CF14191A82}.Debug|Any CPU.ActiveCfg = Debug|Any CPU
		{BB4C1C47-0E29-BE87-293C-44CF14191A82}.Debug|Any CPU.Build.0 = Debug|Any CPU
		{BB4C1C47-0E29-BE87-293C-44CF14191A82}.Release|Any CPU.ActiveCfg = Release|Any CPU
		{BB4C1C47-0E29-BE87-293C-44CF14191A82}.Release|Any CPU.Build.0 = Release|Any CPU
		{839935FE-55C7-31C0-1664-FA3FF0B34EFD}.Debug|Any CPU.ActiveCfg = Debug|Any CPU
		{839935FE-55C7-31C0-1664-FA3FF0B34EFD}.Debug|Any CPU.Build.0 = Debug|Any CPU
		{839935FE-55C7-31C0-1664-FA3FF0B34EFD}.Release|Any CPU.ActiveCfg = Release|Any CPU
		{839935FE-55C7-31C0-1664-FA3FF0B34EFD}.Release|Any CPU.Build.0 = Release|Any CPU
	EndGlobalSection
	GlobalSection(SolutionProperties) = preSolution
		HideSolutionNode = FALSE
	EndGlobalSection
EndGlobal
